{
  "name": "terminal-screen",
  "version": "0.3.3",
  "lockfileVersion": 1,
  "requires": true,
  "dependencies": {
    "terminal-api": {
      "version": "0.1.7",
      "resolved": "https://registry.npmjs.org/terminal-api/-/terminal-api-0.1.7.tgz",
      "integrity": "sha512-GVLPCHtUloW9vyy/xZf3kZq/biQ+7sOakkS5G5qxuldbB3x4z7kVtJMWuEcsPmwmufYs7fNL544bGAws/2mdAw=="
    }
  }
}
